// !$*UTF8*$!
{
	archiveVersion = 1;
	classes = {
	};
	objectVersion = 46;
	objects = {

/* Begin PBXBuildFile section */
		5A57B14E1F90C9AB00CF8EE2 /* AStar.cpp in Sources */ = {isa = PBXBuildFile; fileRef = 5A57B13B1F90C9AB00CF8EE2 /* AStar.cpp */; };
		5A57B14F1F90C9AB00CF8EE2 /* Graph.cpp in Sources */ = {isa = PBXBuildFile; fileRef = 5A57B13D1F90C9AB00CF8EE2 /* Graph.cpp */; };
		5A57B1501F90C9AB00CF8EE2 /* Image.cpp in Sources */ = {isa = PBXBuildFile; fileRef = 5A57B13F1F90C9AB00CF8EE2 /* Image.cpp */; };
		5A57B1511F90C9AB00CF8EE2 /* main.cpp in Sources */ = {isa = PBXBuildFile; fileRef = 5A57B1421F90C9AB00CF8EE2 /* main.cpp */; };
		5A57B1521F90C9AB00CF8EE2 /* Node.cpp in Sources */ = {isa = PBXBuildFile; fileRef = 5A57B1441F90C9AB00CF8EE2 /* Node.cpp */; };
		5A57B1531F90C9AB00CF8EE2 /* PathDrawer.cpp in Sources */ = {isa = PBXBuildFile; fileRef = 5A57B1461F90C9AB00CF8EE2 /* PathDrawer.cpp */; };
		5A57B1541F90C9AB00CF8EE2 /* PPMLoader.cpp in Sources */ = {isa = PBXBuildFile; fileRef = 5A57B1481F90C9AB00CF8EE2 /* PPMLoader.cpp */; };
		5A57B1551F90C9AB00CF8EE2 /* Vertex.cpp in Sources */ = {isa = PBXBuildFile; fileRef = 5A57B14A1F90C9AB00CF8EE2 /* Vertex.cpp */; };
		5A57B1561F90C9AB00CF8EE2 /* VertexList.cpp in Sources */ = {isa = PBXBuildFile; fileRef = 5A57B14C1F90C9AB00CF8EE2 /* VertexList.cpp */; };
		5AF673561FA8E3AB008440A2 /* Solver.cpp in Sources */ = {isa = PBXBuildFile; fileRef = 5AF673541FA8E3AB008440A2 /* Solver.cpp */; };
		5AF673591FAA57D5008440A2 /* SolverNode.cpp in Sources */ = {isa = PBXBuildFile; fileRef = 5AF673571FAA57D5008440A2 /* SolverNode.cpp */; };
/* End PBXBuildFile section */

/* Begin PBXCopyFilesBuildPhase section */
		5A57B12F1F90C97800CF8EE2 /* CopyFiles */ = {
			isa = PBXCopyFilesBuildPhase;
			buildActionMask = 2147483647;
			dstPath = /usr/share/man/man1/;
			dstSubfolderSpec = 0;
			files = (
			);
			runOnlyForDeploymentPostprocessing = 1;
		};
/* End PBXCopyFilesBuildPhase section */

/* Begin PBXFileReference section */
		5A57B1311F90C97800CF8EE2 /* Lego-Project */ = {isa = PBXFileReference; explicitFileType = "compiled.mach-o.executable"; includeInIndex = 0; path = "Lego-Project"; sourceTree = BUILT_PRODUCTS_DIR; };
		5A57B13B1F90C9AB00CF8EE2 /* AStar.cpp */ = {isa = PBXFileReference; fileEncoding = 4; lastKnownFileType = sourcecode.cpp.cpp; name = AStar.cpp; path = ../../AStar.cpp; sourceTree = "<group>"; };
		5A57B13C1F90C9AB00CF8EE2 /* AStar.hpp */ = {isa = PBXFileReference; fileEncoding = 4; lastKnownFileType = sourcecode.cpp.h; name = AStar.hpp; path = ../../AStar.hpp; sourceTree = "<group>"; };
		5A57B13D1F90C9AB00CF8EE2 /* Graph.cpp */ = {isa = PBXFileReference; fileEncoding = 4; lastKnownFileType = sourcecode.cpp.cpp; name = Graph.cpp; path = ../../Graph.cpp; sourceTree = "<group>"; };
		5A57B13E1F90C9AB00CF8EE2 /* Graph.hpp */ = {isa = PBXFileReference; fileEncoding = 4; lastKnownFileType = sourcecode.cpp.h; name = Graph.hpp; path = ../../Graph.hpp; sourceTree = "<group>"; };
		5A57B13F1F90C9AB00CF8EE2 /* Image.cpp */ = {isa = PBXFileReference; fileEncoding = 4; lastKnownFileType = sourcecode.cpp.cpp; name = Image.cpp; path = ../../Image.cpp; sourceTree = "<group>"; };
		5A57B1401F90C9AB00CF8EE2 /* Image.hpp */ = {isa = PBXFileReference; fileEncoding = 4; lastKnownFileType = sourcecode.cpp.h; name = Image.hpp; path = ../../Image.hpp; sourceTree = "<group>"; };
		5A57B1411F90C9AB00CF8EE2 /* macros.hpp */ = {isa = PBXFileReference; fileEncoding = 4; lastKnownFileType = sourcecode.cpp.h; name = macros.hpp; path = ../../macros.hpp; sourceTree = "<group>"; };
		5A57B1421F90C9AB00CF8EE2 /* main.cpp */ = {isa = PBXFileReference; fileEncoding = 4; lastKnownFileType = sourcecode.cpp.cpp; name = main.cpp; path = ../../main.cpp; sourceTree = "<group>"; };
		5A57B1431F90C9AB00CF8EE2 /* map_specs.txt */ = {isa = PBXFileReference; fileEncoding = 4; lastKnownFileType = text; name = map_specs.txt; path = ../../map_specs.txt; sourceTree = "<group>"; };
		5A57B1441F90C9AB00CF8EE2 /* Node.cpp */ = {isa = PBXFileReference; fileEncoding = 4; lastKnownFileType = sourcecode.cpp.cpp; name = Node.cpp; path = ../../Node.cpp; sourceTree = "<group>"; };
		5A57B1451F90C9AB00CF8EE2 /* Node.h */ = {isa = PBXFileReference; fileEncoding = 4; lastKnownFileType = sourcecode.c.h; name = Node.h; path = ../../Node.h; sourceTree = "<group>"; };
		5A57B1461F90C9AB00CF8EE2 /* PathDrawer.cpp */ = {isa = PBXFileReference; fileEncoding = 4; lastKnownFileType = sourcecode.cpp.cpp; name = PathDrawer.cpp; path = ../../PathDrawer.cpp; sourceTree = "<group>"; };
		5A57B1471F90C9AB00CF8EE2 /* PathDrawer.hpp */ = {isa = PBXFileReference; fileEncoding = 4; lastKnownFileType = sourcecode.cpp.h; name = PathDrawer.hpp; path = ../../PathDrawer.hpp; sourceTree = "<group>"; };
		5A57B1481F90C9AB00CF8EE2 /* PPMLoader.cpp */ = {isa = PBXFileReference; fileEncoding = 4; lastKnownFileType = sourcecode.cpp.cpp; name = PPMLoader.cpp; path = ../../PPMLoader.cpp; sourceTree = "<group>"; };
		5A57B1491F90C9AB00CF8EE2 /* PPMLoader.hpp */ = {isa = PBXFileReference; fileEncoding = 4; lastKnownFileType = sourcecode.cpp.h; name = PPMLoader.hpp; path = ../../PPMLoader.hpp; sourceTree = "<group>"; };
		5A57B14A1F90C9AB00CF8EE2 /* Vertex.cpp */ = {isa = PBXFileReference; fileEncoding = 4; lastKnownFileType = sourcecode.cpp.cpp; name = Vertex.cpp; path = ../../Vertex.cpp; sourceTree = "<group>"; };
		5A57B14B1F90C9AB00CF8EE2 /* Vertex.hpp */ = {isa = PBXFileReference; fileEncoding = 4; lastKnownFileType = sourcecode.cpp.h; name = Vertex.hpp; path = ../../Vertex.hpp; sourceTree = "<group>"; };
		5A57B14C1F90C9AB00CF8EE2 /* VertexList.cpp */ = {isa = PBXFileReference; fileEncoding = 4; lastKnownFileType = sourcecode.cpp.cpp; name = VertexList.cpp; path = ../../VertexList.cpp; sourceTree = "<group>"; };
		5A57B14D1F90C9AB00CF8EE2 /* VertexList.hpp */ = {isa = PBXFileReference; fileEncoding = 4; lastKnownFileType = sourcecode.cpp.h; name = VertexList.hpp; path = ../../VertexList.hpp; sourceTree = "<group>"; };
		5AF673541FA8E3AB008440A2 /* Solver.cpp */ = {isa = PBXFileReference; fileEncoding = 4; lastKnownFileType = sourcecode.cpp.cpp; path = Solver.cpp; sourceTree = "<group>"; };
		5AF673551FA8E3AB008440A2 /* Solver.hpp */ = {isa = PBXFileReference; fileEncoding = 4; lastKnownFileType = sourcecode.cpp.h; path = Solver.hpp; sourceTree = "<group>"; };
		5AF673571FAA57D5008440A2 /* SolverNode.cpp */ = {isa = PBXFileReference; fileEncoding = 4; lastKnownFileType = sourcecode.cpp.cpp; path = SolverNode.cpp; sourceTree = "<group>"; };
		5AF673581FAA57D5008440A2 /* SolverNode.hpp */ = {isa = PBXFileReference; fileEncoding = 4; lastKnownFileType = sourcecode.cpp.h; path = SolverNode.hpp; sourceTree = "<group>"; };
/* End PBXFileReference section */

/* Begin PBXFrameworksBuildPhase section */
		5A57B12E1F90C97800CF8EE2 /* Frameworks */ = {
			isa = PBXFrameworksBuildPhase;
			buildActionMask = 2147483647;
			files = (
			);
			runOnlyForDeploymentPostprocessing = 0;
		};
/* End PBXFrameworksBuildPhase section */

/* Begin PBXGroup section */
		5A57B1281F90C97800CF8EE2 = {
			isa = PBXGroup;
			children = (
				5A57B1331F90C97800CF8EE2 /* Lego-Project */,
				5A57B1321F90C97800CF8EE2 /* Products */,
			);
			sourceTree = "<group>";
		};
		5A57B1321F90C97800CF8EE2 /* Products */ = {
			isa = PBXGroup;
			children = (
				5A57B1311F90C97800CF8EE2 /* Lego-Project */,
			);
			name = Products;
			sourceTree = "<group>";
		};
		5A57B1331F90C97800CF8EE2 /* Lego-Project */ = {
			isa = PBXGroup;
			children = (
				5A57B1421F90C9AB00CF8EE2 /* main.cpp */,
				5AF673541FA8E3AB008440A2 /* Solver.cpp */,
				5AF673551FA8E3AB008440A2 /* Solver.hpp */,
				5AF673571FAA57D5008440A2 /* SolverNode.cpp */,
				5AF673581FAA57D5008440A2 /* SolverNode.hpp */,
				5A57B13B1F90C9AB00CF8EE2 /* AStar.cpp */,
				5A57B13C1F90C9AB00CF8EE2 /* AStar.hpp */,
				5A57B13D1F90C9AB00CF8EE2 /* Graph.cpp */,
				5A57B13E1F90C9AB00CF8EE2 /* Graph.hpp */,
				5A57B13F1F90C9AB00CF8EE2 /* Image.cpp */,
				5A57B1401F90C9AB00CF8EE2 /* Image.hpp */,
				5A57B1411F90C9AB00CF8EE2 /* macros.hpp */,
				5A57B1431F90C9AB00CF8EE2 /* map_specs.txt */,
				5A57B1441F90C9AB00CF8EE2 /* Node.cpp */,
				5A57B1451F90C9AB00CF8EE2 /* Node.h */,
				5A57B1461F90C9AB00CF8EE2 /* PathDrawer.cpp */,
				5A57B1471F90C9AB00CF8EE2 /* PathDrawer.hpp */,
				5A57B1481F90C9AB00CF8EE2 /* PPMLoader.cpp */,
				5A57B1491F90C9AB00CF8EE2 /* PPMLoader.hpp */,
				5A57B14A1F90C9AB00CF8EE2 /* Vertex.cpp */,
				5A57B14B1F90C9AB00CF8EE2 /* Vertex.hpp */,
				5A57B14C1F90C9AB00CF8EE2 /* VertexList.cpp */,
				5A57B14D1F90C9AB00CF8EE2 /* VertexList.hpp */,
			);
			path = "Lego-Project";
			sourceTree = "<group>";
		};
/* End PBXGroup section */

/* Begin PBXNativeTarget section */
		5A57B1301F90C97800CF8EE2 /* Lego-Project */ = {
			isa = PBXNativeTarget;
			buildConfigurationList = 5A57B1381F90C97800CF8EE2 /* Build configuration list for PBXNativeTarget "Lego-Project" */;
			buildPhases = (
				5A57B12D1F90C97800CF8EE2 /* Sources */,
				5A57B12E1F90C97800CF8EE2 /* Frameworks */,
				5A57B12F1F90C97800CF8EE2 /* CopyFiles */,
			);
			buildRules = (
			);
			dependencies = (
			);
			name = "Lego-Project";
			productName = "Lego-Project";
			productReference = 5A57B1311F90C97800CF8EE2 /* Lego-Project */;
			productType = "com.apple.product-type.tool";
		};
/* End PBXNativeTarget section */

/* Begin PBXProject section */
		5A57B1291F90C97800CF8EE2 /* Project object */ = {
			isa = PBXProject;
			attributes = {
				LastUpgradeCheck = 0820;
				ORGANIZATIONNAME = "Olliver Ordell";
				TargetAttributes = {
					5A57B1301F90C97800CF8EE2 = {
						CreatedOnToolsVersion = 8.2.1;
						ProvisioningStyle = Automatic;
					};
				};
			};
			buildConfigurationList = 5A57B12C1F90C97800CF8EE2 /* Build configuration list for PBXProject "Lego-Project" */;
			compatibilityVersion = "Xcode 3.2";
			developmentRegion = English;
			hasScannedForEncodings = 0;
			knownRegions = (
				en,
			);
			mainGroup = 5A57B1281F90C97800CF8EE2;
			productRefGroup = 5A57B1321F90C97800CF8EE2 /* Products */;
			projectDirPath = "";
			projectRoot = "";
			targets = (
				5A57B1301F90C97800CF8EE2 /* Lego-Project */,
			);
		};
/* End PBXProject section */

/* Begin PBXSourcesBuildPhase section */
		5A57B12D1F90C97800CF8EE2 /* Sources */ = {
			isa = PBXSourcesBuildPhase;
			buildActionMask = 2147483647;
			files = (
				5A57B1501F90C9AB00CF8EE2 /* Image.cpp in Sources */,
				5A57B1551F90C9AB00CF8EE2 /* Vertex.cpp in Sources */,
				5A57B1541F90C9AB00CF8EE2 /* PPMLoader.cpp in Sources */,
				5A57B14F1F90C9AB00CF8EE2 /* Graph.cpp in Sources */,
				5AF673561FA8E3AB008440A2 /* Solver.cpp in Sources */,
				5A57B1511F90C9AB00CF8EE2 /* main.cpp in Sources */,
				5A57B1531F90C9AB00CF8EE2 /* PathDrawer.cpp in Sources */,
				5A57B14E1F90C9AB00CF8EE2 /* AStar.cpp in Sources */,
				5AF673591FAA57D5008440A2 /* SolverNode.cpp in Sources */,
				5A57B1521F90C9AB00CF8EE2 /* Node.cpp in Sources */,
				5A57B1561F90C9AB00CF8EE2 /* VertexList.cpp in Sources */,
			);
			runOnlyForDeploymentPostprocessing = 0;
		};
/* End PBXSourcesBuildPhase section */

/* Begin XCBuildConfiguration section */
		5A57B1361F90C97800CF8EE2 /* Debug */ = {
			isa = XCBuildConfiguration;
			buildSettings = {
				ALWAYS_SEARCH_USER_PATHS = NO;
				CLANG_ANALYZER_NONNULL = YES;
				CLANG_CXX_LANGUAGE_STANDARD = "gnu++0x";
				CLANG_CXX_LIBRARY = "libc++";
				CLANG_ENABLE_MODULES = YES;
				CLANG_ENABLE_OBJC_ARC = YES;
				CLANG_WARN_BOOL_CONVERSION = YES;
				CLANG_WARN_CONSTANT_CONVERSION = YES;
				CLANG_WARN_DIRECT_OBJC_ISA_USAGE = YES_ERROR;
				CLANG_WARN_DOCUMENTATION_COMMENTS = YES;
				CLANG_WARN_EMPTY_BODY = YES;
				CLANG_WARN_ENUM_CONVERSION = YES;
				CLANG_WARN_INFINITE_RECURSION = YES;
				CLANG_WARN_INT_CONVERSION = YES;
				CLANG_WARN_OBJC_ROOT_CLASS = YES_ERROR;
				CLANG_WARN_SUSPICIOUS_MOVE = YES;
				CLANG_WARN_UNREACHABLE_CODE = YES;
				CLANG_WARN__DUPLICATE_METHOD_MATCH = YES;
				CODE_SIGN_IDENTITY = "-";
				COPY_PHASE_STRIP = NO;
				DEBUG_INFORMATION_FORMAT = dwarf;
				ENABLE_STRICT_OBJC_MSGSEND = YES;
				ENABLE_TESTABILITY = YES;
				GCC_C_LANGUAGE_STANDARD = gnu99;
				GCC_DYNAMIC_NO_PIC = NO;
				GCC_NO_COMMON_BLOCKS = YES;
				GCC_OPTIMIZATION_LEVEL = 0;
				GCC_PREPROCESSOR_DEFINITIONS = (
					"DEBUG=1",
					"$(inherited)",
				);
				GCC_WARN_64_TO_32_BIT_CONVERSION = YES;
				GCC_WARN_ABOUT_RETURN_TYPE = YES_ERROR;
				GCC_WARN_UNDECLARED_SELECTOR = YES;
				GCC_WARN_UNINITIALIZED_AUTOS = YES_AGGRESSIVE;
				GCC_WARN_UNUSED_FUNCTION = YES;
				GCC_WARN_UNUSED_VARIABLE = YES;
				MACOSX_DEPLOYMENT_TARGET = 10.11;
				MTL_ENABLE_DEBUG_INFO = YES;
				ONLY_ACTIVE_ARCH = YES;
				SDKROOT = macosx;
			};
			name = Debug;
		};
		5A57B1371F90C97800CF8EE2 /* Release */ = {
			isa = XCBuildConfiguration;
			buildSettings = {
				ALWAYS_SEARCH_USER_PATHS = NO;
				CLANG_ANALYZER_NONNULL = YES;
				CLANG_CXX_LANGUAGE_STANDARD = "gnu++0x";
				CLANG_CXX_LIBRARY = "libc++";
				CLANG_ENABLE_MODULES = YES;
				CLANG_ENABLE_OBJC_ARC = YES;
				CLANG_WARN_BOOL_CONVERSION = YES;
				CLANG_WARN_CONSTANT_CONVERSION = YES;
				CLANG_WARN_DIRECT_OBJC_ISA_USAGE = YES_ERROR;
				CLANG_WARN_DOCUMENTATION_COMMENTS = YES;
				CLANG_WARN_EMPTY_BODY = YES;
				CLANG_WARN_ENUM_CONVERSION = YES;
				CLANG_WARN_INFINITE_RECURSION = YES;
				CLANG_WARN_INT_CONVERSION = YES;
				CLANG_WARN_OBJC_ROOT_CLASS = YES_ERROR;
				CLANG_WARN_SUSPICIOUS_MOVE = YES;
				CLANG_WARN_UNREACHABLE_CODE = YES;
				CLANG_WARN__DUPLICATE_METHOD_MATCH = YES;
				CODE_SIGN_IDENTITY = "-";
				COPY_PHASE_STRIP = NO;
				DEBUG_INFORMATION_FORMAT = "dwarf-with-dsym";
				ENABLE_NS_ASSERTIONS = NO;
				ENABLE_STRICT_OBJC_MSGSEND = YES;
				GCC_C_LANGUAGE_STANDARD = gnu99;
				GCC_NO_COMMON_BLOCKS = YES;
				GCC_WARN_64_TO_32_BIT_CONVERSION = YES;
				GCC_WARN_ABOUT_RETURN_TYPE = YES_ERROR;
				GCC_WARN_UNDECLARED_SELECTOR = YES;
				GCC_WARN_UNINITIALIZED_AUTOS = YES_AGGRESSIVE;
				GCC_WARN_UNUSED_FUNCTION = YES;
				GCC_WARN_UNUSED_VARIABLE = YES;
				MACOSX_DEPLOYMENT_TARGET = 10.11;
				MTL_ENABLE_DEBUG_INFO = NO;
				SDKROOT = macosx;
			};
			name = Release;
		};
		5A57B1391F90C97800CF8EE2 /* Debug */ = {
			isa = XCBuildConfiguration;
			buildSettings = {
				PRODUCT_NAME = "$(TARGET_NAME)";
			};
			name = Debug;
		};
		5A57B13A1F90C97800CF8EE2 /* Release */ = {
			isa = XCBuildConfiguration;
			buildSettings = {
				PRODUCT_NAME = "$(TARGET_NAME)";
			};
			name = Release;
		};
/* End XCBuildConfiguration section */

/* Begin XCConfigurationList section */
		5A57B12C1F90C97800CF8EE2 /* Build configuration list for PBXProject "Lego-Project" */ = {
			isa = XCConfigurationList;
			buildConfigurations = (
				5A57B1361F90C97800CF8EE2 /* Debug */,
				5A57B1371F90C97800CF8EE2 /* Release */,
			);
			defaultConfigurationIsVisible = 0;
			defaultConfigurationName = Release;
		};
		5A57B1381F90C97800CF8EE2 /* Build configuration list for PBXNativeTarget "Lego-Project" */ = {
			isa = XCConfigurationList;
			buildConfigurations = (
				5A57B1391F90C97800CF8EE2 /* Debug */,
				5A57B13A1F90C97800CF8EE2 /* Release */,
			);
			defaultConfigurationIsVisible = 0;
			defaultConfigurationName = Release;
		};
/* End XCConfigurationList section */
	};
	rootObject = 5A57B1291F90C97800CF8EE2 /* Project object */;
}
